
Microsoft Visual Studio Solution File, Format Version 11.00
# Visual Studio 2010
Project("{FAE04EC0-301F-11D3-BF4B-00C04F79EFBC}") = "KungfuCombat", "KungfuCombat\KungfuCombat.csproj", "{E4646A6B-7477-45A6-B462-CC57742DCFC5}"
EndProject
Global
	GlobalSection(SolutionConfigurationPlatforms) = preSolution
		Debug|x86 = Debug|x86
		Release|x86 = Release|x86
	EndGlobalSection
	GlobalSection(ProjectConfigurationPlatforms) = postSolution
		{E4646A6B-7477-45A6-B462-CC57742DCFC5}.Debug|x86.ActiveCfg = Debug|x86
		{E4646A6B-7477-45A6-B462-CC57742DCFC5}.Debug|x86.Build.0 = Debug|x86
		{E4646A6B-7477-45A6-B462-CC57742DCFC5}.Release|x86.ActiveCfg = Release|x86
		{E4646A6B-7477-45A6-B462-CC57742DCFC5}.Release|x86.Build.0 = Release|x86
	EndGlobalSection
	GlobalSection(MonoDevelopProperties) = preSolution
		StartupItem = KungfuCombat\KungfuCombat.csproj
	EndGlobalSection
EndGlobal
